
Microsoft Visual Studio Solution File, Format Version 12.00
# Visual Studio Version 17
VisualStudioVersion = 17.2.32519.379
MinimumVisualStudioVersion = 10.0.40219.1
Project("{FAE04EC0-301F-11D3-BF4B-00C04F79EFBC}") = "AdventureWorksDB", "AdventureWorksDB\AdventureWorksDB.csproj", "{EE073CCD-D69C-4A54-9580-7859AC4ECC52}"
EndProject
Global
	GlobalSection(SolutionConfigurationPlatforms) = preSolution
		Debug|Any CPU = Debug|Any CPU
		Release|Any CPU = Release|Any CPU
	EndGlobalSection
	GlobalSection(ProjectConfigurationPlatforms) = postSolution
		{EE073CCD-D69C-4A54-9580-7859AC4ECC52}.Debug|Any CPU.ActiveCfg = Debug|Any CPU
		{EE073CCD-D69C-4A54-9580-7859AC4ECC52}.Debug|Any CPU.Build.0 = Debug|Any CPU
		{EE073CCD-D69C-4A54-9580-7859AC4ECC52}.Release|Any CPU.ActiveCfg = Release|Any CPU
		{EE073CCD-D69C-4A54-9580-7859AC4ECC52}.Release|Any CPU.Build.0 = Release|Any CPU
	EndGlobalSection
	GlobalSection(SolutionProperties) = preSolution
		HideSolutionNode = FALSE
	EndGlobalSection
	GlobalSection(ExtensibilityGlobals) = postSolution
		SolutionGuid = {69E06422-5208-489A-A318-87800C95C2A9}
	EndGlobalSection
EndGlobal
